{
  "version": 4,
  "terraform_version": "0.12.28",
  "serial": 27,
  "lineage": "0d42a062-955c-66d3-9ffd-72cb722a554c",
  "outputs": {},
  "resources": [
    {
      "mode": "managed",
      "type": "huaweicloud_compute_instance_v2",
      "name": "SEIDORVERITAS",
      "provider": "provider.huaweicloud",
      "instances": [
        {
          "schema_version": 0,
          "attributes": {
            "access_ip_v4": "192.168.243.166",
            "access_ip_v6": "",
            "admin_pass": null,
            "all_metadata": {},
            "availability_zone": "la-south-2a",
            "block_device": [],
            "config_drive": null,
            "flavor_id": "s3.medium.2",
            "flavor_name": "s3.medium.2",
            "floating_ip": null,
            "id": "852a57a8-90a4-40f2-a4a1-bb37af3f3f20",
            "image_id": "ac47088b-f337-4585-a5aa-1fca0158c371",
            "image_name": "Ubuntu 18.04 server 64bit",
            "key_pair": null,
            "metadata": null,
            "name": "basic",
            "network": [
              {
                "access_network": false,
                "fixed_ip_v4": "192.168.243.166",
                "fixed_ip_v6": "",
                "floating_ip": "",
                "mac": "fa:16:3e:ae:31:38",
                "name": "ec3a57a1-671a-4203-bef8-1f17e598fbe0",
                "port": "",
                "uuid": "b6d6900f-80b8-4572-bc42-af2e7cc8c31e"
              }
            ],
            "region": "la-south-2",
            "scheduler_hints": [],
            "security_groups": [
              "secgroup_1"
            ],
            "stop_before_destroy": false,
            "timeouts": null,
            "user_data": null,
            "volume": [],
            "volume_attached": [
              {
                "boot_index": 0,
                "pci_address": "0000:02:01.0",
                "size": 40,
                "volume_id": "f1234703-5ee0-4c0a-adf3-8dbe79e35ad4"
              }
            ]
          },
          "private": "eyJlMmJmYjczMC1lY2FhLTExZTYtOGY4OC0zNDM2M2JjN2M0YzAiOnsiY3JlYXRlIjoxODAwMDAwMDAwMDAwLCJkZWxldGUiOjE4MDAwMDAwMDAwMDAsInVwZGF0ZSI6MTgwMDAwMDAwMDAwMH19",
          "dependencies": [
            "huaweicloud_networking_secgroup_v2.secgroup_1",
            "huaweicloud_vpc_v1.vpc_v1"
          ]
        }
      ]
    },
    {
      "mode": "managed",
      "type": "huaweicloud_networking_secgroup_rule_v2",
      "name": "secgroup_rule_1",
      "provider": "provider.huaweicloud",
      "instances": [
        {
          "schema_version": 0,
          "attributes": {
            "direction": "ingress",
            "ethertype": "IPv4",
            "id": "02fe4161-c27b-4b3d-81af-90f915a4b44a",
            "port_range_max": 22,
            "port_range_min": 22,
            "protocol": "tcp",
            "region": "la-south-2",
            "remote_group_id": "",
            "remote_ip_prefix": "0.0.0.0/0",
            "security_group_id": "6c45d644-4e20-4e00-ae1f-22ef10fb0268",
            "tenant_id": "08a6b6c2b600f2d72f6ac012c40795b4",
            "timeouts": null
          },
          "private": "eyJlMmJmYjczMC1lY2FhLTExZTYtOGY4OC0zNDM2M2JjN2M0YzAiOnsiZGVsZXRlIjo2MDAwMDAwMDAwMDB9fQ==",
          "dependencies": [
            "huaweicloud_networking_secgroup_v2.secgroup_1"
          ]
        }
      ]
    },
    {
      "mode": "managed",
      "type": "huaweicloud_networking_secgroup_v2",
      "name": "secgroup_1",
      "provider": "provider.huaweicloud",
      "instances": [
        {
          "schema_version": 0,
          "attributes": {
            "delete_default_rules": null,
            "description": "My neutron security group",
            "id": "6c45d644-4e20-4e00-ae1f-22ef10fb0268",
            "name": "secgroup_1",
            "region": "la-south-2",
            "tenant_id": "08a6b6c2b600f2d72f6ac012c40795b4",
            "timeouts": null
          },
          "private": "eyJlMmJmYjczMC1lY2FhLTExZTYtOGY4OC0zNDM2M2JjN2M0YzAiOnsiZGVsZXRlIjo2MDAwMDAwMDAwMDB9fQ=="
        }
      ]
    },
    {
      "mode": "managed",
      "type": "huaweicloud_vpc_subnet_v1",
      "name": "subnet_v1",
      "provider": "provider.huaweicloud",
      "instances": [
        {
          "schema_version": 0,
          "attributes": {
            "availability_zone": "",
            "cidr": "192.168.0.0/16",
            "dhcp_enable": true,
            "dns_list": [],
            "gateway_ip": "192.168.0.1",
            "id": "b6d6900f-80b8-4572-bc42-af2e7cc8c31e",
            "name": "subnet-test",
            "primary_dns": "",
            "region": "la-south-2",
            "secondary_dns": "",
            "subnet_id": "28bc053c-2d0c-45e5-ad55-27784a10b974",
            "tags": null,
            "timeouts": null,
            "vpc_id": "ec3a57a1-671a-4203-bef8-1f17e598fbe0"
          },
          "private": "eyJlMmJmYjczMC1lY2FhLTExZTYtOGY4OC0zNDM2M2JjN2M0YzAiOnsiY3JlYXRlIjo2MDAwMDAwMDAwMDAsImRlbGV0ZSI6NjAwMDAwMDAwMDAwfX0=",
          "dependencies": [
            "huaweicloud_vpc_v1.vpc_v1"
          ]
        }
      ]
    },
    {
      "mode": "managed",
      "type": "huaweicloud_vpc_v1",
      "name": "vpc_v1",
      "provider": "provider.huaweicloud",
      "instances": [
        {
          "schema_version": 0,
          "attributes": {
            "cidr": "192.168.0.0/16",
            "id": "ec3a57a1-671a-4203-bef8-1f17e598fbe0",
            "name": "vpc-tftest",
            "region": "la-south-2",
            "shared": false,
            "status": "OK",
            "tags": null,
            "timeouts": null
          },
          "private": "eyJlMmJmYjczMC1lY2FhLTExZTYtOGY4OC0zNDM2M2JjN2M0YzAiOnsiY3JlYXRlIjo2MDAwMDAwMDAwMDAsImRlbGV0ZSI6MTgwMDAwMDAwMDAwfX0="
        }
      ]
    }
  ]
}
